<?xml version="1.0" encoding="utf-8"?>
<Project ToolsVersion="4.0" xmlns="http://schemas.microsoft.com/developer/msbuild/2003">
  <ItemGroup>
    <ClCompile Include="Game\GameClear.cpp">
      <Filter>Game</Filter>
    </ClCompile>
    <ClCompile Include="Game\GameLogo.cpp">
      <Filter>Game</Filter>
    </ClCompile>
    <ClCompile Include="Game\GameMain.cpp">
      <Filter>Game</Filter>
    </ClCompile>
    <ClCompile Include="Game\GameOver.cpp">
      <Filter>Game</Filter>
    </ClCompile>
    <ClCompile Include="Game\GamePlay.cpp">
      <Filter>Game</Filter>
    </ClCompile>
    <ClCompile Include="Game\GameSerect.cpp">
      <Filter>Game</Filter>
    </ClCompile>
    <ClCompile Include="Game\GameTitle.cpp">
      <Filter>Game</Filter>
    </ClCompile>
    <ClCompile Include="Game\ObjectBase.cpp">
      <Filter>Game</Filter>
    </ClCompile>
    <ClCompile Include="Game\Player.cpp">
      <Filter>Game</Filter>
    </ClCompile>
    <ClCompile Include="Direct3D.cpp">
      <Filter>ソースファイル</Filter>
    </ClCompile>
    <ClCompile Include="DirectXTK.cpp">
      <Filter>ソースファイル</Filter>
    </ClCompile>
    <ClCompile Include="ImaseLib\FPSTimer.cpp">
      <Filter>ソースファイル</Filter>
    </ClCompile>
    <ClCompile Include="Main.cpp">
      <Filter>ソースファイル</Filter>
    </ClCompile>
    <ClCompile Include="Texture.cpp">
      <Filter>ソースファイル</Filter>
    </ClCompile>
    <ClCompile Include="Gimmik.cpp">
      <Filter>Game</Filter>
    </ClCompile>
    <ClCompile Include="Game\Enemy.cpp">
      <Filter>Game</Filter>
    </ClCompile>
    <ClCompile Include="ADX2Le.cpp">
      <Filter>ソースファイル</Filter>
    </ClCompile>
  </ItemGroup>
  <ItemGroup>
    <ClInclude Include="Game\GameBase.h">
      <Filter>Game</Filter>
    </ClInclude>
    <ClInclude Include="Game\GameClear.h">
      <Filter>Game</Filter>
    </ClInclude>
    <ClInclude Include="Game\GameLogo.h">
      <Filter>Game</Filter>
    </ClInclude>
    <ClInclude Include="Game\GameMain.h">
      <Filter>Game</Filter>
    </ClInclude>
    <ClInclude Include="Game\GameOver.h">
      <Filter>Game</Filter>
    </ClInclude>
    <ClInclude Include="Game\GameSerect.h">
      <Filter>Game</Filter>
    </ClInclude>
    <ClInclude Include="Game\GamePlay.h">
      <Filter>Game</Filter>
    </ClInclude>
    <ClInclude Include="Game\GameTitle.h">
      <Filter>Game</Filter>
    </ClInclude>
    <ClInclude Include="Game\ObjectBase.h">
      <Filter>Game</Filter>
    </ClInclude>
    <ClInclude Include="Game\Player.h">
      <Filter>Game</Filter>
    </ClInclude>
    <ClInclude Include="Direct3D.h">
      <Filter>ヘッダファイル</Filter>
    </ClInclude>
    <ClInclude Include="DirectXTK.h">
      <Filter>ヘッダファイル</Filter>
    </ClInclude>
    <ClInclude Include="ImaseLib\FPSTimer.h">
      <Filter>ヘッダファイル</Filter>
    </ClInclude>
    <ClInclude Include="Texture.h">
      <Filter>ヘッダファイル</Filter>
    </ClInclude>
    <ClInclude Include="Gimmik.h">
      <Filter>Game</Filter>
    </ClInclude>
    <ClInclude Include="Game\Enemy.h">
      <Filter>Game</Filter>
    </ClInclude>
    <ClInclude Include="ADX2Le.h">
      <Filter>ヘッダファイル</Filter>
    </ClInclude>
    <ClInclude Include="Game\CueSheet_0.h">
      <Filter>Game</Filter>
    </ClInclude>
  </ItemGroup>
  <ItemGroup>
    <None Include="myfile.spritefont" />
  </ItemGroup>
  <ItemGroup>
    <Filter Include="Game">
      <UniqueIdentifier>{3d2edbd8-6570-45f8-b530-707c215c11ee}</UniqueIdentifier>
    </Filter>
    <Filter Include="ヘッダファイル">
      <UniqueIdentifier>{1737ee1d-b808-407e-9cc1-953eac8738a1}</UniqueIdentifier>
    </Filter>
    <Filter Include="ソースファイル">
      <UniqueIdentifier>{899b3ba7-70a6-46a6-b844-c8591eac1275}</UniqueIdentifier>
    </Filter>
  </ItemGroup>
</Project>